Microsoft Visual Studio Solution File, Format Version 12.00
# Visual Studio Version 17
VisualStudioVersion = 17.5.2.0
MinimumVisualStudioVersion = 10.0.40219.1
Project("{FAE04EC0-301F-11D3-BF4B-00C04F79EFBC}") = "RobotReporte", "RobotReporte\RobotReporte.csproj", "{FD1F8A48-E6FA-9817-3A7C-D5BD63A2EFF8}"
EndProject
Global
	GlobalSection(SolutionConfigurationPlatforms) = preSolution
		Debug|Any CPU = Debug|Any CPU
		Release|Any CPU = Release|Any CPU
	EndGlobalSection
	GlobalSection(ProjectConfigurationPlatforms) = postSolution
		{FD1F8A48-E6FA-9817-3A7C-D5BD63A2EFF8}.Debug|Any CPU.ActiveCfg = Debug|Any CPU
		{FD1F8A48-E6FA-9817-3A7C-D5BD63A2EFF8}.Debug|Any CPU.Build.0 = Debug|Any CPU
		{FD1F8A48-E6FA-9817-3A7C-D5BD63A2EFF8}.Release|Any CPU.ActiveCfg = Release|Any CPU
		{FD1F8A48-E6FA-9817-3A7C-D5BD63A2EFF8}.Release|Any CPU.Build.0 = Release|Any CPU
	EndGlobalSection
	GlobalSection(SolutionProperties) = preSolution
		HideSolutionNode = FALSE
	EndGlobalSection
	GlobalSection(ExtensibilityGlobals) = postSolution
		SolutionGuid = {84D41464-A134-46F8-B040-1CA38550B96B}
	EndGlobalSection
EndGlobal
